
Microsoft Visual Studio Solution File, Format Version 12.00
# Visual Studio Version 17
VisualStudioVersion = 17.7.34031.279
MinimumVisualStudioVersion = 10.0.40219.1
Project("{FAE04EC0-301F-11D3-BF4B-00C04F79EFBC}") = "Rybarska_Evidence", "Rybarska_Evidence\Rybarska_Evidence.csproj", "{7AFD2800-A365-4048-9CFC-152885503DBC}"
EndProject
Global
	GlobalSection(SolutionConfigurationPlatforms) = preSolution
		Debug|Any CPU = Debug|Any CPU
		Release|Any CPU = Release|Any CPU
	EndGlobalSection
	GlobalSection(ProjectConfigurationPlatforms) = postSolution
		{7AFD2800-A365-4048-9CFC-152885503DBC}.Debug|Any CPU.ActiveCfg = Debug|Any CPU
		{7AFD2800-A365-4048-9CFC-152885503DBC}.Debug|Any CPU.Build.0 = Debug|Any CPU
		{7AFD2800-A365-4048-9CFC-152885503DBC}.Release|Any CPU.ActiveCfg = Release|Any CPU
		{7AFD2800-A365-4048-9CFC-152885503DBC}.Release|Any CPU.Build.0 = Release|Any CPU
	EndGlobalSection
	GlobalSection(SolutionProperties) = preSolution
		HideSolutionNode = FALSE
	EndGlobalSection
	GlobalSection(ExtensibilityGlobals) = postSolution
		SolutionGuid = {783AB446-68CC-4CE8-9FDA-9C80F06E5185}
	EndGlobalSection
EndGlobal
